# This file was autogenerated by Stack.
# You should not edit this file by hand.
# For more information, please see the documentation at:
#   https://docs.haskellstack.org/en/stable/lock_files

packages:
- completed:
    hackage: nothunks-0.1.2@sha256:ec366664bb611ba8ce3a48aee626804039ea53517de7788b8705c76be0dcfa72,2235
    pantry-tree:
      size: 342
      sha256: 14422b7789f33fd838bfec9c1c7af152dc211c9633db22d310ac579e84e4afb3
  original:
    hackage: nothunks-0.1.2
snapshots:
- completed:
    size: 533252
    url: https://raw.githubusercontent.com/commercialhaskell/stackage-snapshots/master/lts/16/27.yaml
    sha256: c2aaae52beeacf6a5727c1010f50e89d03869abfab6d2c2658ade9da8ed50c73
  original: lts-16.27
