# This file was autogenerated by Stack.
# You should not edit this file by hand.
# For more information, please see the documentation at:
#   https://docs.haskellstack.org/en/stable/lock_files

packages: []
snapshots:
- completed:
    size: 520865
    url: https://raw.githubusercontent.com/commercialhaskell/stackage-snapshots/master/nightly/2020/8/17.yaml
    sha256: 700c74c4e263f34ccb9937561eee52454dd435ec96119e2eef2d50adc4fd58a8
  original: nightly-2020-08-17
