# This file was autogenerated by Stack.
# You should not edit this file by hand.
# For more information, please see the documentation at:
#   https://docs.haskellstack.org/en/stable/lock_files

packages: []
snapshots:
- completed:
    size: 497089
    url: https://raw.githubusercontent.com/commercialhaskell/stackage-snapshots/master/lts/13/15.yaml
    sha256: 62c27bdce4a1b7cae3d2f6c29d1d0ae49d75bbbeb7ac6d7e6783d964562c3675
  original: lts-13.15
